
Microsoft Visual Studio Solution File, Format Version 12.00
# Visual Studio Version 16
VisualStudioVersion = 16.0.30204.135
MinimumVisualStudioVersion = 10.0.40219.1
Project("{2150E333-8FDC-42A3-9474-1A3956D46DE8}") = "Doc", "Doc", "{421C559B-81C8-4B11-8E11-4811BCD12DD9}"
EndProject
Project("{2150E333-8FDC-42A3-9474-1A3956D46DE8}") = "Src", "Src", "{F81E41FC-4E66-46BE-99D0-707856A10940}"
EndProject
Project("{2150E333-8FDC-42A3-9474-1A3956D46DE8}") = "Test", "Test", "{0C6BFE9D-5076-438F-8D3F-40CD89DF147D}"
EndProject
Project("{2150E333-8FDC-42A3-9474-1A3956D46DE8}") = "Common", "Common", "{CD622CBF-630D-41A5-84C5-CB61864CE550}"
EndProject
Project("{2150E333-8FDC-42A3-9474-1A3956D46DE8}") = "Core", "Core", "{BA0488A2-8F5C-4FA5-BD91-8A3CDA0802DA}"
EndProject
Project("{2150E333-8FDC-42A3-9474-1A3956D46DE8}") = "Infrastructure", "Infrastructure", "{C6345B87-CA1F-46E8-9DB9-34E46E1D4E6E}"
EndProject
Project("{2150E333-8FDC-42A3-9474-1A3956D46DE8}") = "Presentation", "Presentation", "{4C67D25F-5AB4-4341-A208-800E126291FD}"
EndProject
Project("{FAE04EC0-301F-11D3-BF4B-00C04F79EFBC}") = "AspStore.Domain", "AspStore.Domain\AspStore.Domain.csproj", "{A271CB2F-F691-47E7-B51B-7383CCAA1EA5}"
EndProject
Project("{FAE04EC0-301F-11D3-BF4B-00C04F79EFBC}") = "AspStore.Application", "AspStore.Application\AspStore.Application.csproj", "{92847E6C-CD2E-4ABB-9726-BD1401A6B517}"
EndProject
Project("{FAE04EC0-301F-11D3-BF4B-00C04F79EFBC}") = "AspStore.Infrastructure", "AspStore.Infrastructure\AspStore.Infrastructure.csproj", "{25E87742-977F-4A4A-BB71-4E69541EEFCC}"
EndProject
Project("{FAE04EC0-301F-11D3-BF4B-00C04F79EFBC}") = "AspStore.Persistence", "AspStore.Persistence\AspStore.Persistence.csproj", "{5F548AEF-78AF-40B9-9756-A1977429AB5E}"
EndProject
Project("{FAE04EC0-301F-11D3-BF4B-00C04F79EFBC}") = "AspStore.Common", "AspStore.Common\AspStore.Common.csproj", "{D3321D3C-511E-446A-99AF-BD41F1741D64}"
EndProject
Project("{FAE04EC0-301F-11D3-BF4B-00C04F79EFBC}") = "Endpoint.Site", "Endpoint.Site\Endpoint.Site.csproj", "{88A8B354-0836-4AA7-B7C3-C13BBFA7EBF0}"
EndProject
Global
	GlobalSection(SolutionConfigurationPlatforms) = preSolution
		Debug|Any CPU = Debug|Any CPU
		Release|Any CPU = Release|Any CPU
	EndGlobalSection
	GlobalSection(ProjectConfigurationPlatforms) = postSolution
		{A271CB2F-F691-47E7-B51B-7383CCAA1EA5}.Debug|Any CPU.ActiveCfg = Debug|Any CPU
		{A271CB2F-F691-47E7-B51B-7383CCAA1EA5}.Debug|Any CPU.Build.0 = Debug|Any CPU
		{A271CB2F-F691-47E7-B51B-7383CCAA1EA5}.Release|Any CPU.ActiveCfg = Release|Any CPU
		{A271CB2F-F691-47E7-B51B-7383CCAA1EA5}.Release|Any CPU.Build.0 = Release|Any CPU
		{92847E6C-CD2E-4ABB-9726-BD1401A6B517}.Debug|Any CPU.ActiveCfg = Debug|Any CPU
		{92847E6C-CD2E-4ABB-9726-BD1401A6B517}.Debug|Any CPU.Build.0 = Debug|Any CPU
		{92847E6C-CD2E-4ABB-9726-BD1401A6B517}.Release|Any CPU.ActiveCfg = Release|Any CPU
		{92847E6C-CD2E-4ABB-9726-BD1401A6B517}.Release|Any CPU.Build.0 = Release|Any CPU
		{25E87742-977F-4A4A-BB71-4E69541EEFCC}.Debug|Any CPU.ActiveCfg = Debug|Any CPU
		{25E87742-977F-4A4A-BB71-4E69541EEFCC}.Debug|Any CPU.Build.0 = Debug|Any CPU
		{25E87742-977F-4A4A-BB71-4E69541EEFCC}.Release|Any CPU.ActiveCfg = Release|Any CPU
		{25E87742-977F-4A4A-BB71-4E69541EEFCC}.Release|Any CPU.Build.0 = Release|Any CPU
		{5F548AEF-78AF-40B9-9756-A1977429AB5E}.Debug|Any CPU.ActiveCfg = Debug|Any CPU
		{5F548AEF-78AF-40B9-9756-A1977429AB5E}.Debug|Any CPU.Build.0 = Debug|Any CPU
		{5F548AEF-78AF-40B9-9756-A1977429AB5E}.Release|Any CPU.ActiveCfg = Release|Any CPU
		{5F548AEF-78AF-40B9-9756-A1977429AB5E}.Release|Any CPU.Build.0 = Release|Any CPU
		{D3321D3C-511E-446A-99AF-BD41F1741D64}.Debug|Any CPU.ActiveCfg = Debug|Any CPU
		{D3321D3C-511E-446A-99AF-BD41F1741D64}.Debug|Any CPU.Build.0 = Debug|Any CPU
		{D3321D3C-511E-446A-99AF-BD41F1741D64}.Release|Any CPU.ActiveCfg = Release|Any CPU
		{D3321D3C-511E-446A-99AF-BD41F1741D64}.Release|Any CPU.Build.0 = Release|Any CPU
		{88A8B354-0836-4AA7-B7C3-C13BBFA7EBF0}.Debug|Any CPU.ActiveCfg = Debug|Any CPU
		{88A8B354-0836-4AA7-B7C3-C13BBFA7EBF0}.Debug|Any CPU.Build.0 = Debug|Any CPU
		{88A8B354-0836-4AA7-B7C3-C13BBFA7EBF0}.Release|Any CPU.ActiveCfg = Release|Any CPU
		{88A8B354-0836-4AA7-B7C3-C13BBFA7EBF0}.Release|Any CPU.Build.0 = Release|Any CPU
	EndGlobalSection
	GlobalSection(SolutionProperties) = preSolution
		HideSolutionNode = FALSE
	EndGlobalSection
	GlobalSection(NestedProjects) = preSolution
		{CD622CBF-630D-41A5-84C5-CB61864CE550} = {F81E41FC-4E66-46BE-99D0-707856A10940}
		{BA0488A2-8F5C-4FA5-BD91-8A3CDA0802DA} = {F81E41FC-4E66-46BE-99D0-707856A10940}
		{C6345B87-CA1F-46E8-9DB9-34E46E1D4E6E} = {F81E41FC-4E66-46BE-99D0-707856A10940}
		{4C67D25F-5AB4-4341-A208-800E126291FD} = {F81E41FC-4E66-46BE-99D0-707856A10940}
		{A271CB2F-F691-47E7-B51B-7383CCAA1EA5} = {BA0488A2-8F5C-4FA5-BD91-8A3CDA0802DA}
		{92847E6C-CD2E-4ABB-9726-BD1401A6B517} = {BA0488A2-8F5C-4FA5-BD91-8A3CDA0802DA}
		{25E87742-977F-4A4A-BB71-4E69541EEFCC} = {C6345B87-CA1F-46E8-9DB9-34E46E1D4E6E}
		{5F548AEF-78AF-40B9-9756-A1977429AB5E} = {C6345B87-CA1F-46E8-9DB9-34E46E1D4E6E}
		{D3321D3C-511E-446A-99AF-BD41F1741D64} = {CD622CBF-630D-41A5-84C5-CB61864CE550}
		{88A8B354-0836-4AA7-B7C3-C13BBFA7EBF0} = {4C67D25F-5AB4-4341-A208-800E126291FD}
	EndGlobalSection
	GlobalSection(ExtensibilityGlobals) = postSolution
		SolutionGuid = {F8561861-7569-43D8-A13B-209F18B11972}
	EndGlobalSection
EndGlobal
